{"filter":false,"title":"Gemfile.lock","tooltip":"/findhangout/Gemfile.lock","undoManager":{"mark":2,"position":2,"stack":[[{"start":{"row":60,"column":0},"end":{"row":61,"column":0},"action":"insert","lines":["    coderay (1.1.3)",""],"id":1,"ignore":true},{"start":{"row":124,"column":0},"end":{"row":135,"column":0},"action":"insert","lines":["    pry (0.13.1)","      coderay (~> 1.1)","      method_source (~> 1.0)","    pry-byebug (3.9.0)","      byebug (~> 11.0)","      pry (~> 0.13.0)","    pry-doc (1.1.0)","      pry (~> 0.11)","      yard (~> 0.9.11)","    pry-rails (0.3.9)","      pry (>= 0.10.4)",""]},{"start":{"row":227,"column":32},"end":{"row":228,"column":17},"action":"insert","lines":["","    yard (0.9.26)"]},{"start":{"row":243,"column":0},"end":{"row":246,"column":0},"action":"insert","lines":["  pry-byebug","  pry-doc","  pry-rails",""]}],[{"start":{"row":123,"column":0},"end":{"row":124,"column":0},"action":"remove","lines":["    pg (1.2.3)",""],"id":2,"ignore":true},{"start":{"row":241,"column":0},"end":{"row":242,"column":0},"action":"remove","lines":["  pg (>= 0.18, < 2.0)",""]}],[{"start":{"row":123,"column":0},"end":{"row":124,"column":0},"action":"insert","lines":["    pg (1.2.3)",""],"id":3,"ignore":true},{"start":{"row":242,"column":0},"end":{"row":243,"column":0},"action":"insert","lines":["  pg (>= 0.18, < 2.0)",""]}]]},"ace":{"folds":[],"scrolltop":3783,"scrollleft":0,"selection":{"start":{"row":263,"column":0},"end":{"row":263,"column":0},"isBackwards":false},"options":{"guessTabSize":true,"useWrapMode":false,"wrapToView":true},"firstLineState":{"row":251,"state":"start","mode":"ace/mode/text"}},"timestamp":1630669644923,"hash":"217677931b38e60a882060e9b36dd1605eeaf2f4"}